<Solution>
  <Folder Name="/src/">
    <Project Path="src/FileReport.Domain/FileReport.Domain.csproj" />
    <Project Path="src/FileReport.Application/FileReport.Application.csproj" />
    <Project Path="src/FileReport.Contracts/FileReport.Contracts.csproj" />
    <Project Path="src/FileReport.Infrastructure/FileReport.Infrastructure.csproj" />
    <Project Path="src/FileReport.Api/FileReport.Api.csproj" />
    <Project Path="src/FileReport.Worker/FileReport.Worker.csproj" />
  </Folder>
</Solution>
